
Microsoft Visual Studio Solution File, Format Version 12.00
# Visual Studio Version 17
VisualStudioVersion = 17.0.32014.148
MinimumVisualStudioVersion = 10.0.40219.1
Project("{FAE04EC0-301F-11D3-BF4B-00C04F79EFBC}") = "COSUMIR_API_TEST", "COSUMIR_API_TEST\COSUMIR_API_TEST.csproj", "{72222457-5D2B-48AC-BCAE-48CBB4C1EC8E}"
EndProject
Global
	GlobalSection(SolutionConfigurationPlatforms) = preSolution
		Debug|Any CPU = Debug|Any CPU
		Release|Any CPU = Release|Any CPU
	EndGlobalSection
	GlobalSection(ProjectConfigurationPlatforms) = postSolution
		{72222457-5D2B-48AC-BCAE-48CBB4C1EC8E}.Debug|Any CPU.ActiveCfg = Debug|Any CPU
		{72222457-5D2B-48AC-BCAE-48CBB4C1EC8E}.Debug|Any CPU.Build.0 = Debug|Any CPU
		{72222457-5D2B-48AC-BCAE-48CBB4C1EC8E}.Release|Any CPU.ActiveCfg = Release|Any CPU
		{72222457-5D2B-48AC-BCAE-48CBB4C1EC8E}.Release|Any CPU.Build.0 = Release|Any CPU
	EndGlobalSection
	GlobalSection(SolutionProperties) = preSolution
		HideSolutionNode = FALSE
	EndGlobalSection
	GlobalSection(ExtensibilityGlobals) = postSolution
		SolutionGuid = {6276727A-F9E5-4C88-B445-516B56DE3D00}
	EndGlobalSection
EndGlobal
